
Microsoft Visual Studio Solution File, Format Version 12.00
# Visual Studio Version 17
VisualStudioVersion = 17.7.34024.191
MinimumVisualStudioVersion = 10.0.40219.1
Project("{FAE04EC0-301F-11D3-BF4B-00C04F79EFBC}") = "WindowsFormsApp1", "WindowsFormsApp1\WindowsFormsApp1.csproj", "{ACE21BCF-8A91-40C1-81DD-0EB290094B4B}"
EndProject
Global
	GlobalSection(SolutionConfigurationPlatforms) = preSolution
		Debug|Any CPU = Debug|Any CPU
		Release|Any CPU = Release|Any CPU
	EndGlobalSection
	GlobalSection(ProjectConfigurationPlatforms) = postSolution
		{ACE21BCF-8A91-40C1-81DD-0EB290094B4B}.Debug|Any CPU.ActiveCfg = Debug|Any CPU
		{ACE21BCF-8A91-40C1-81DD-0EB290094B4B}.Debug|Any CPU.Build.0 = Debug|Any CPU
		{ACE21BCF-8A91-40C1-81DD-0EB290094B4B}.Release|Any CPU.ActiveCfg = Release|Any CPU
		{ACE21BCF-8A91-40C1-81DD-0EB290094B4B}.Release|Any CPU.Build.0 = Release|Any CPU
	EndGlobalSection
	GlobalSection(SolutionProperties) = preSolution
		HideSolutionNode = FALSE
	EndGlobalSection
	GlobalSection(ExtensibilityGlobals) = postSolution
		SolutionGuid = {D8C1DA8C-D6BB-4EEF-915F-21C7FBDBB4A9}
	EndGlobalSection
EndGlobal
